// !$*UTF8*$!
{
	archiveVersion = 1;
	classes = {
	};
	objectVersion = 50;
	objects = {

/* Begin PBXBuildFile section */
		26ACD71159C6BFEF03933617 /* Pods_mapaMobilidade.framework in Frameworks */ = {isa = PBXBuildFile; fileRef = F40338F0A220A8D5EFCDE91C /* Pods_mapaMobilidade.framework */; };
		79CBA65A2187711A004C31BE /* APIResponse.swift in Sources */ = {isa = PBXBuildFile; fileRef = 79CBA6592187711A004C31BE /* APIResponse.swift */; };
		79D164CC21821C010092E549 /* Alerta.swift in Sources */ = {isa = PBXBuildFile; fileRef = 79D164CB21821C010092E549 /* Alerta.swift */; };
		F239E7822179267C009E8C95 /* linha_vermelha.json in Resources */ = {isa = PBXBuildFile; fileRef = F239E77B2179267A009E8C95 /* linha_vermelha.json */; };
		F239E7832179267C009E8C95 /* linha_esmeralda.json in Resources */ = {isa = PBXBuildFile; fileRef = F239E77C2179267B009E8C95 /* linha_esmeralda.json */; };
		F239E7842179267C009E8C95 /* linha_diamante.json in Resources */ = {isa = PBXBuildFile; fileRef = F239E77D2179267B009E8C95 /* linha_diamante.json */; };
		F239E7852179267C009E8C95 /* linha_azul.json in Resources */ = {isa = PBXBuildFile; fileRef = F239E77E2179267B009E8C95 /* linha_azul.json */; };
		F239E7862179267C009E8C95 /* linha_prata.json in Resources */ = {isa = PBXBuildFile; fileRef = F239E77F2179267B009E8C95 /* linha_prata.json */; };
		F239E7882179267C009E8C95 /* linha_safira.json in Resources */ = {isa = PBXBuildFile; fileRef = F239E7812179267C009E8C95 /* linha_safira.json */; };
		F239E78A217A3E4E009E8C95 /* LinhaJSON.swift in Sources */ = {isa = PBXBuildFile; fileRef = F239E789217A3E4D009E8C95 /* LinhaJSON.swift */; };
		F29CAA17217606FA00EC6BD5 /* AppDelegate.swift in Sources */ = {isa = PBXBuildFile; fileRef = F29CAA16217606FA00EC6BD5 /* AppDelegate.swift */; };
		F29CAA19217606FA00EC6BD5 /* ViewController.swift in Sources */ = {isa = PBXBuildFile; fileRef = F29CAA18217606FA00EC6BD5 /* ViewController.swift */; };
		F29CAA1C217606FA00EC6BD5 /* Main.storyboard in Resources */ = {isa = PBXBuildFile; fileRef = F29CAA1A217606FA00EC6BD5 /* Main.storyboard */; };
		F29CAA1E2176070800EC6BD5 /* Assets.xcassets in Resources */ = {isa = PBXBuildFile; fileRef = F29CAA1D2176070800EC6BD5 /* Assets.xcassets */; };
		F29CAA212176070800EC6BD5 /* LaunchScreen.storyboard in Resources */ = {isa = PBXBuildFile; fileRef = F29CAA1F2176070800EC6BD5 /* LaunchScreen.storyboard */; };
		F29CAA2A217607F600EC6BD5 /* CLLocationManager+Rx.swift in Sources */ = {isa = PBXBuildFile; fileRef = F29CAA29217607F600EC6BD5 /* CLLocationManager+Rx.swift */; };
		F29CAA2C2176083100EC6BD5 /* RxCLLocationDelegateProxy.swift in Sources */ = {isa = PBXBuildFile; fileRef = F29CAA2B2176083100EC6BD5 /* RxCLLocationDelegateProxy.swift */; };
		F29CAA2E2176086500EC6BD5 /* GeoLocationService.swift in Sources */ = {isa = PBXBuildFile; fileRef = F29CAA2D2176086500EC6BD5 /* GeoLocationService.swift */; };
		F29CAA3021760B7000EC6BD5 /* MapaViewController.swift in Sources */ = {isa = PBXBuildFile; fileRef = F29CAA2F21760B7000EC6BD5 /* MapaViewController.swift */; };
		F2EE845421762A8E009AB8A8 /* Repository.swift in Sources */ = {isa = PBXBuildFile; fileRef = F2EE845321762A8E009AB8A8 /* Repository.swift */; };
		F2EE845621764CF6009AB8A8 /* LinhasJSON.swift in Sources */ = {isa = PBXBuildFile; fileRef = F2EE845521764CF6009AB8A8 /* LinhasJSON.swift */; };
		F2EE845921765453009AB8A8 /* linhaJSON.json in Resources */ = {isa = PBXBuildFile; fileRef = F2EE845821765453009AB8A8 /* linhaJSON.json */; };
		F2EE845B217659B6009AB8A8 /* PathCoordenadas.swift in Sources */ = {isa = PBXBuildFile; fileRef = F2EE845A217659B6009AB8A8 /* PathCoordenadas.swift */; };
		F2EE845E21766C95009AB8A8 /* style_maps1.json in Resources */ = {isa = PBXBuildFile; fileRef = F2EE845D21766C95009AB8A8 /* style_maps1.json */; };
		F2EE846021766CEC009AB8A8 /* StyleMap.swift in Sources */ = {isa = PBXBuildFile; fileRef = F2EE845F21766CEC009AB8A8 /* StyleMap.swift */; };
		F2EE846A2176801A009AB8A8 /* deuMerda.json in Resources */ = {isa = PBXBuildFile; fileRef = F2EE84692176801A009AB8A8 /* deuMerda.json */; };
		F2EE846D21768127009AB8A8 /* JSONDeuMerda.swift in Sources */ = {isa = PBXBuildFile; fileRef = F2EE846C21768127009AB8A8 /* JSONDeuMerda.swift */; };
		F2EE847221777B62009AB8A8 /* estacoes.json in Resources */ = {isa = PBXBuildFile; fileRef = F2EE847121777B62009AB8A8 /* estacoes.json */; };
		F2EE847421777BC2009AB8A8 /* EstacoesJSON.swift in Sources */ = {isa = PBXBuildFile; fileRef = F2EE847321777BC2009AB8A8 /* EstacoesJSON.swift */; };
		F2EE847621778482009AB8A8 /* MarkerEstacoes.swift in Sources */ = {isa = PBXBuildFile; fileRef = F2EE847521778482009AB8A8 /* MarkerEstacoes.swift */; };
		F2EE847A217799CB009AB8A8 /* EstacoesGroundOverlays.swift in Sources */ = {isa = PBXBuildFile; fileRef = F2EE8479217799CB009AB8A8 /* EstacoesGroundOverlays.swift */; };
		F2F74808217E32FE007A4133 /* linha_verde.json in Resources */ = {isa = PBXBuildFile; fileRef = F2F74807217E32FE007A4133 /* linha_verde.json */; };
		F2F7480A217E5822007A4133 /* linha_rubi.json in Resources */ = {isa = PBXBuildFile; fileRef = F2F74809217E5821007A4133 /* linha_rubi.json */; };
		F2F7480E217E5AA0007A4133 /* linha_amarela.json in Resources */ = {isa = PBXBuildFile; fileRef = F2F7480D217E5AA0007A4133 /* linha_amarela.json */; };
		F2F74814217F4A41007A4133 /* linha_turquesa.json in Resources */ = {isa = PBXBuildFile; fileRef = F2F74813217F4A41007A4133 /* linha_turquesa.json */; };
		F2F74816217F4E1D007A4133 /* linha_lilas.json in Resources */ = {isa = PBXBuildFile; fileRef = F2F74815217F4E1D007A4133 /* linha_lilas.json */; };
		F2F748192180C007007A4133 /* linha_jade.json in Resources */ = {isa = PBXBuildFile; fileRef = F2F748182180C007007A4133 /* linha_jade.json */; };
		F2F7481D2180D87A007A4133 /* Alamofire.swift in Sources */ = {isa = PBXBuildFile; fileRef = F2F7481C2180D87A007A4133 /* Alamofire.swift */; };
/* End PBXBuildFile section */

/* Begin PBXFileReference section */
		0BB41404A4D9E682D2CD0C15 /* Pods-mapaMobilidade.debug.xcconfig */ = {isa = PBXFileReference; includeInIndex = 1; lastKnownFileType = text.xcconfig; name = "Pods-mapaMobilidade.debug.xcconfig"; path = "Pods/Target Support Files/Pods-mapaMobilidade/Pods-mapaMobilidade.debug.xcconfig"; sourceTree = "<group>"; };
		79CBA6592187711A004C31BE /* APIResponse.swift */ = {isa = PBXFileReference; lastKnownFileType = sourcecode.swift; path = APIResponse.swift; sourceTree = "<group>"; };
		79D164CB21821C010092E549 /* Alerta.swift */ = {isa = PBXFileReference; lastKnownFileType = sourcecode.swift; path = Alerta.swift; sourceTree = "<group>"; };
		97B6E78BB3690487CD8C34E6 /* Pods-mapaMobilidade.release.xcconfig */ = {isa = PBXFileReference; includeInIndex = 1; lastKnownFileType = text.xcconfig; name = "Pods-mapaMobilidade.release.xcconfig"; path = "Pods/Target Support Files/Pods-mapaMobilidade/Pods-mapaMobilidade.release.xcconfig"; sourceTree = "<group>"; };
		F239E77B2179267A009E8C95 /* linha_vermelha.json */ = {isa = PBXFileReference; fileEncoding = 4; lastKnownFileType = text.json; path = linha_vermelha.json; sourceTree = "<group>"; };
		F239E77C2179267B009E8C95 /* linha_esmeralda.json */ = {isa = PBXFileReference; fileEncoding = 4; lastKnownFileType = text.json; path = linha_esmeralda.json; sourceTree = "<group>"; };
		F239E77D2179267B009E8C95 /* linha_diamante.json */ = {isa = PBXFileReference; fileEncoding = 4; lastKnownFileType = text.json; path = linha_diamante.json; sourceTree = "<group>"; };
		F239E77E2179267B009E8C95 /* linha_azul.json */ = {isa = PBXFileReference; fileEncoding = 4; lastKnownFileType = text.json; path = linha_azul.json; sourceTree = "<group>"; };
		F239E77F2179267B009E8C95 /* linha_prata.json */ = {isa = PBXFileReference; fileEncoding = 4; lastKnownFileType = text.json; path = linha_prata.json; sourceTree = "<group>"; };
		F239E7812179267C009E8C95 /* linha_safira.json */ = {isa = PBXFileReference; fileEncoding = 4; lastKnownFileType = text.json; path = linha_safira.json; sourceTree = "<group>"; };
		F239E789217A3E4D009E8C95 /* LinhaJSON.swift */ = {isa = PBXFileReference; lastKnownFileType = sourcecode.swift; path = LinhaJSON.swift; sourceTree = "<group>"; };
		F29CAA13217606FA00EC6BD5 /* mapaMobilidade.app */ = {isa = PBXFileReference; explicitFileType = wrapper.application; includeInIndex = 0; path = mapaMobilidade.app; sourceTree = BUILT_PRODUCTS_DIR; };
		F29CAA16217606FA00EC6BD5 /* AppDelegate.swift */ = {isa = PBXFileReference; lastKnownFileType = sourcecode.swift; path = AppDelegate.swift; sourceTree = "<group>"; };
		F29CAA18217606FA00EC6BD5 /* ViewController.swift */ = {isa = PBXFileReference; lastKnownFileType = sourcecode.swift; path = ViewController.swift; sourceTree = "<group>"; };
		F29CAA1B217606FA00EC6BD5 /* Base */ = {isa = PBXFileReference; lastKnownFileType = file.storyboard; name = Base; path = Base.lproj/Main.storyboard; sourceTree = "<group>"; };
		F29CAA1D2176070800EC6BD5 /* Assets.xcassets */ = {isa = PBXFileReference; lastKnownFileType = folder.assetcatalog; path = Assets.xcassets; sourceTree = "<group>"; };
		F29CAA202176070800EC6BD5 /* Base */ = {isa = PBXFileReference; lastKnownFileType = file.storyboard; name = Base; path = Base.lproj/LaunchScreen.storyboard; sourceTree = "<group>"; };
		F29CAA222176070800EC6BD5 /* Info.plist */ = {isa = PBXFileReference; lastKnownFileType = text.plist.xml; path = Info.plist; sourceTree = "<group>"; };
		F29CAA29217607F600EC6BD5 /* CLLocationManager+Rx.swift */ = {isa = PBXFileReference; lastKnownFileType = sourcecode.swift; path = "CLLocationManager+Rx.swift"; sourceTree = "<group>"; };
		F29CAA2B2176083100EC6BD5 /* RxCLLocationDelegateProxy.swift */ = {isa = PBXFileReference; lastKnownFileType = sourcecode.swift; path = RxCLLocationDelegateProxy.swift; sourceTree = "<group>"; };
		F29CAA2D2176086500EC6BD5 /* GeoLocationService.swift */ = {isa = PBXFileReference; lastKnownFileType = sourcecode.swift; path = GeoLocationService.swift; sourceTree = "<group>"; };
		F29CAA2F21760B7000EC6BD5 /* MapaViewController.swift */ = {isa = PBXFileReference; lastKnownFileType = sourcecode.swift; path = MapaViewController.swift; sourceTree = "<group>"; usesTabs = 0; };
		F2EE845321762A8E009AB8A8 /* Repository.swift */ = {isa = PBXFileReference; lastKnownFileType = sourcecode.swift; path = Repository.swift; sourceTree = "<group>"; };
		F2EE845521764CF6009AB8A8 /* LinhasJSON.swift */ = {isa = PBXFileReference; lastKnownFileType = sourcecode.swift; path = LinhasJSON.swift; sourceTree = "<group>"; };
		F2EE845821765453009AB8A8 /* linhaJSON.json */ = {isa = PBXFileReference; fileEncoding = 4; lastKnownFileType = text.json; path = linhaJSON.json; sourceTree = SOURCE_ROOT; };
		F2EE845A217659B6009AB8A8 /* PathCoordenadas.swift */ = {isa = PBXFileReference; lastKnownFileType = sourcecode.swift; path = PathCoordenadas.swift; sourceTree = "<group>"; };
		F2EE845D21766C95009AB8A8 /* style_maps1.json */ = {isa = PBXFileReference; fileEncoding = 4; lastKnownFileType = text.json; path = style_maps1.json; sourceTree = "<group>"; };
		F2EE845F21766CEC009AB8A8 /* StyleMap.swift */ = {isa = PBXFileReference; lastKnownFileType = sourcecode.swift; path = StyleMap.swift; sourceTree = "<group>"; };
		F2EE84692176801A009AB8A8 /* deuMerda.json */ = {isa = PBXFileReference; fileEncoding = 4; lastKnownFileType = text.json; path = deuMerda.json; sourceTree = "<group>"; };
		F2EE846C21768127009AB8A8 /* JSONDeuMerda.swift */ = {isa = PBXFileReference; lastKnownFileType = sourcecode.swift; path = JSONDeuMerda.swift; sourceTree = "<group>"; };
		F2EE847121777B62009AB8A8 /* estacoes.json */ = {isa = PBXFileReference; fileEncoding = 4; lastKnownFileType = text.json; path = estacoes.json; sourceTree = "<group>"; };
		F2EE847321777BC2009AB8A8 /* EstacoesJSON.swift */ = {isa = PBXFileReference; lastKnownFileType = sourcecode.swift; path = EstacoesJSON.swift; sourceTree = "<group>"; };
		F2EE847521778482009AB8A8 /* MarkerEstacoes.swift */ = {isa = PBXFileReference; lastKnownFileType = sourcecode.swift; path = MarkerEstacoes.swift; sourceTree = "<group>"; };
		F2EE8479217799CB009AB8A8 /* EstacoesGroundOverlays.swift */ = {isa = PBXFileReference; lastKnownFileType = sourcecode.swift; path = EstacoesGroundOverlays.swift; sourceTree = "<group>"; };
		F2F74807217E32FE007A4133 /* linha_verde.json */ = {isa = PBXFileReference; fileEncoding = 4; lastKnownFileType = text.json; path = linha_verde.json; sourceTree = "<group>"; };
		F2F74809217E5821007A4133 /* linha_rubi.json */ = {isa = PBXFileReference; fileEncoding = 4; lastKnownFileType = text.json; path = linha_rubi.json; sourceTree = "<group>"; };
		F2F7480D217E5AA0007A4133 /* linha_amarela.json */ = {isa = PBXFileReference; fileEncoding = 4; lastKnownFileType = text.json; path = linha_amarela.json; sourceTree = "<group>"; };
		F2F74813217F4A41007A4133 /* linha_turquesa.json */ = {isa = PBXFileReference; fileEncoding = 4; lastKnownFileType = text.json; path = linha_turquesa.json; sourceTree = "<group>"; };
		F2F74815217F4E1D007A4133 /* linha_lilas.json */ = {isa = PBXFileReference; fileEncoding = 4; lastKnownFileType = text.json; path = linha_lilas.json; sourceTree = "<group>"; };
		F2F748182180C007007A4133 /* linha_jade.json */ = {isa = PBXFileReference; fileEncoding = 4; lastKnownFileType = text.json; path = linha_jade.json; sourceTree = "<group>"; };
		F2F7481C2180D87A007A4133 /* Alamofire.swift */ = {isa = PBXFileReference; lastKnownFileType = sourcecode.swift; path = Alamofire.swift; sourceTree = "<group>"; };
		F40338F0A220A8D5EFCDE91C /* Pods_mapaMobilidade.framework */ = {isa = PBXFileReference; explicitFileType = wrapper.framework; includeInIndex = 0; path = Pods_mapaMobilidade.framework; sourceTree = BUILT_PRODUCTS_DIR; };
/* End PBXFileReference section */

/* Begin PBXFrameworksBuildPhase section */
		F29CAA10217606FA00EC6BD5 /* Frameworks */ = {
			isa = PBXFrameworksBuildPhase;
			buildActionMask = 2147483647;
			files = (
				26ACD71159C6BFEF03933617 /* Pods_mapaMobilidade.framework in Frameworks */,
			);
			runOnlyForDeploymentPostprocessing = 0;
		};
/* End PBXFrameworksBuildPhase section */

/* Begin PBXGroup section */
		79D164CA21821BE80092E549 /* Alerta */ = {
			isa = PBXGroup;
			children = (
				79D164CB21821C010092E549 /* Alerta.swift */,
			);
			path = Alerta;
			sourceTree = "<group>";
		};
		ED6A850DA73E74C8D476385C /* Pods */ = {
			isa = PBXGroup;
			children = (
				0BB41404A4D9E682D2CD0C15 /* Pods-mapaMobilidade.debug.xcconfig */,
				97B6E78BB3690487CD8C34E6 /* Pods-mapaMobilidade.release.xcconfig */,
			);
			name = Pods;
			sourceTree = "<group>";
		};
		F29CAA0A217606FA00EC6BD5 = {
			isa = PBXGroup;
			children = (
				F29CAA15217606FA00EC6BD5 /* mapaMobilidade */,
				F29CAA14217606FA00EC6BD5 /* Products */,
				ED6A850DA73E74C8D476385C /* Pods */,
				FE0B404D1F2A6F5421EDFDB4 /* Frameworks */,
			);
			sourceTree = "<group>";
		};
		F29CAA14217606FA00EC6BD5 /* Products */ = {
			isa = PBXGroup;
			children = (
				F29CAA13217606FA00EC6BD5 /* mapaMobilidade.app */,
			);
			name = Products;
			sourceTree = "<group>";
		};
		F29CAA15217606FA00EC6BD5 /* mapaMobilidade */ = {
			isa = PBXGroup;
			children = (
				79D164CA21821BE80092E549 /* Alerta */,
				F2EE846821767E04009AB8A8 /* JSONs */,
				F2EE845C21766C6D009AB8A8 /* StyleMap */,
				F2EE845321762A8E009AB8A8 /* Repository.swift */,
				F29CAA28217607CE00EC6BD5 /* Service */,
				F2EE8450217625E5009AB8A8 /* Mapas */,
				F29CAA16217606FA00EC6BD5 /* AppDelegate.swift */,
				F29CAA18217606FA00EC6BD5 /* ViewController.swift */,
				F29CAA1A217606FA00EC6BD5 /* Main.storyboard */,
				F29CAA1D2176070800EC6BD5 /* Assets.xcassets */,
				F29CAA1F2176070800EC6BD5 /* LaunchScreen.storyboard */,
				F29CAA222176070800EC6BD5 /* Info.plist */,
			);
			path = mapaMobilidade;
			sourceTree = "<group>";
		};
		F29CAA28217607CE00EC6BD5 /* Service */ = {
			isa = PBXGroup;
			children = (
				F29CAA29217607F600EC6BD5 /* CLLocationManager+Rx.swift */,
				F29CAA2B2176083100EC6BD5 /* RxCLLocationDelegateProxy.swift */,
				F29CAA2D2176086500EC6BD5 /* GeoLocationService.swift */,
			);
			path = Service;
			sourceTree = "<group>";
		};
		F2EE8450217625E5009AB8A8 /* Mapas */ = {
			isa = PBXGroup;
			children = (
				F2F7481A2180D846007A4133 /* Alamofire */,
				F2EE84782177999D009AB8A8 /* PathToPolyline */,
				F2EE847721779986009AB8A8 /* MarkerEstacoes */,
				F29CAA2F21760B7000EC6BD5 /* MapaViewController.swift */,
				F2EE8479217799CB009AB8A8 /* EstacoesGroundOverlays.swift */,
			);
			path = Mapas;
			sourceTree = "<group>";
		};
		F2EE845721765439009AB8A8 /* JSONLinhas */ = {
			isa = PBXGroup;
			children = (
				F2EE845521764CF6009AB8A8 /* LinhasJSON.swift */,
				F2EE845821765453009AB8A8 /* linhaJSON.json */,
				F2F7480D217E5AA0007A4133 /* linha_amarela.json */,
				F239E77E2179267B009E8C95 /* linha_azul.json */,
				F239E77D2179267B009E8C95 /* linha_diamante.json */,
				F239E77C2179267B009E8C95 /* linha_esmeralda.json */,
				F2F748182180C007007A4133 /* linha_jade.json */,
				F2F74815217F4E1D007A4133 /* linha_lilas.json */,
				F239E77F2179267B009E8C95 /* linha_prata.json */,
				F2F74809217E5821007A4133 /* linha_rubi.json */,
				F239E7812179267C009E8C95 /* linha_safira.json */,
				F2F74813217F4A41007A4133 /* linha_turquesa.json */,
				F2F74807217E32FE007A4133 /* linha_verde.json */,
				F239E77B2179267A009E8C95 /* linha_vermelha.json */,
				F239E789217A3E4D009E8C95 /* LinhaJSON.swift */,
			);
			path = JSONLinhas;
			sourceTree = "<group>";
		};
		F2EE845C21766C6D009AB8A8 /* StyleMap */ = {
			isa = PBXGroup;
			children = (
				F2EE845D21766C95009AB8A8 /* style_maps1.json */,
				F2EE845F21766CEC009AB8A8 /* StyleMap.swift */,
			);
			path = StyleMap;
			sourceTree = "<group>";
		};
		F2EE846821767E04009AB8A8 /* JSONs */ = {
			isa = PBXGroup;
			children = (
				F2EE847021777B54009AB8A8 /* JSONEstacoes */,
				F2EE846B21768105009AB8A8 /* JSONDeuMerda */,
				F2EE845721765439009AB8A8 /* JSONLinhas */,
			);
			path = JSONs;
			sourceTree = "<group>";
		};
		F2EE846B21768105009AB8A8 /* JSONDeuMerda */ = {
			isa = PBXGroup;
			children = (
				F2EE84692176801A009AB8A8 /* deuMerda.json */,
				F2EE846C21768127009AB8A8 /* JSONDeuMerda.swift */,
			);
			path = JSONDeuMerda;
			sourceTree = "<group>";
		};
		F2EE847021777B54009AB8A8 /* JSONEstacoes */ = {
			isa = PBXGroup;
			children = (
				F2EE847121777B62009AB8A8 /* estacoes.json */,
				F2EE847321777BC2009AB8A8 /* EstacoesJSON.swift */,
			);
			path = JSONEstacoes;
			sourceTree = "<group>";
		};
		F2EE847721779986009AB8A8 /* MarkerEstacoes */ = {
			isa = PBXGroup;
			children = (
				F2EE847521778482009AB8A8 /* MarkerEstacoes.swift */,
			);
			path = MarkerEstacoes;
			sourceTree = "<group>";
		};
		F2EE84782177999D009AB8A8 /* PathToPolyline */ = {
			isa = PBXGroup;
			children = (
				F2EE845A217659B6009AB8A8 /* PathCoordenadas.swift */,
			);
			path = PathToPolyline;
			sourceTree = "<group>";
		};
		F2F7481A2180D846007A4133 /* Alamofire */ = {
			isa = PBXGroup;
			children = (
				F2F7481C2180D87A007A4133 /* Alamofire.swift */,
				79CBA6592187711A004C31BE /* APIResponse.swift */,
			);
			path = Alamofire;
			sourceTree = "<group>";
		};
		FE0B404D1F2A6F5421EDFDB4 /* Frameworks */ = {
			isa = PBXGroup;
			children = (
				F40338F0A220A8D5EFCDE91C /* Pods_mapaMobilidade.framework */,
			);
			name = Frameworks;
			sourceTree = "<group>";
		};
/* End PBXGroup section */

/* Begin PBXNativeTarget section */
		F29CAA12217606FA00EC6BD5 /* mapaMobilidade */ = {
			isa = PBXNativeTarget;
			buildConfigurationList = F29CAA252176070800EC6BD5 /* Build configuration list for PBXNativeTarget "mapaMobilidade" */;
			buildPhases = (
				B7B20DE3394E1FE6FC576EC5 /* [CP] Check Pods Manifest.lock */,
				F29CAA0F217606FA00EC6BD5 /* Sources */,
				F29CAA10217606FA00EC6BD5 /* Frameworks */,
				F29CAA11217606FA00EC6BD5 /* Resources */,
				A6A8E1F68E24FC6C9BD0E5DA /* [CP] Embed Pods Frameworks */,
				7CFC37E3E112C0D97FE3E5C0 /* [CP] Copy Pods Resources */,
			);
			buildRules = (
			);
			dependencies = (
			);
			name = mapaMobilidade;
			productName = mapaMobilidade;
			productReference = F29CAA13217606FA00EC6BD5 /* mapaMobilidade.app */;
			productType = "com.apple.product-type.application";
		};
/* End PBXNativeTarget section */

/* Begin PBXProject section */
		F29CAA0B217606FA00EC6BD5 /* Project object */ = {
			isa = PBXProject;
			attributes = {
				LastSwiftUpdateCheck = 1000;
				LastUpgradeCheck = 1000;
				ORGANIZATIONNAME = "Fabio Sousa";
				TargetAttributes = {
					F29CAA12217606FA00EC6BD5 = {
						CreatedOnToolsVersion = 10.0;
					};
				};
			};
			buildConfigurationList = F29CAA0E217606FA00EC6BD5 /* Build configuration list for PBXProject "mapaMobilidade" */;
			compatibilityVersion = "Xcode 9.3";
			developmentRegion = en;
			hasScannedForEncodings = 0;
			knownRegions = (
				en,
				Base,
			);
			mainGroup = F29CAA0A217606FA00EC6BD5;
			productRefGroup = F29CAA14217606FA00EC6BD5 /* Products */;
			projectDirPath = "";
			projectRoot = "";
			targets = (
				F29CAA12217606FA00EC6BD5 /* mapaMobilidade */,
			);
		};
/* End PBXProject section */

/* Begin PBXResourcesBuildPhase section */
		F29CAA11217606FA00EC6BD5 /* Resources */ = {
			isa = PBXResourcesBuildPhase;
			buildActionMask = 2147483647;
			files = (
				F2EE847221777B62009AB8A8 /* estacoes.json in Resources */,
				F2EE846A2176801A009AB8A8 /* deuMerda.json in Resources */,
				F2F74816217F4E1D007A4133 /* linha_lilas.json in Resources */,
				F239E7822179267C009E8C95 /* linha_vermelha.json in Resources */,
				F239E7842179267C009E8C95 /* linha_diamante.json in Resources */,
				F2F74814217F4A41007A4133 /* linha_turquesa.json in Resources */,
				F2EE845921765453009AB8A8 /* linhaJSON.json in Resources */,
				F2F74808217E32FE007A4133 /* linha_verde.json in Resources */,
				F239E7852179267C009E8C95 /* linha_azul.json in Resources */,
				F2F7480E217E5AA0007A4133 /* linha_amarela.json in Resources */,
				F2EE845E21766C95009AB8A8 /* style_maps1.json in Resources */,
				F2F7480A217E5822007A4133 /* linha_rubi.json in Resources */,
				F29CAA212176070800EC6BD5 /* LaunchScreen.storyboard in Resources */,
				F29CAA1E2176070800EC6BD5 /* Assets.xcassets in Resources */,
				F29CAA1C217606FA00EC6BD5 /* Main.storyboard in Resources */,
				F239E7832179267C009E8C95 /* linha_esmeralda.json in Resources */,
				F2F748192180C007007A4133 /* linha_jade.json in Resources */,
				F239E7882179267C009E8C95 /* linha_safira.json in Resources */,
				F239E7862179267C009E8C95 /* linha_prata.json in Resources */,
			);
			runOnlyForDeploymentPostprocessing = 0;
		};
/* End PBXResourcesBuildPhase section */

/* Begin PBXShellScriptBuildPhase section */
		7CFC37E3E112C0D97FE3E5C0 /* [CP] Copy Pods Resources */ = {
			isa = PBXShellScriptBuildPhase;
			buildActionMask = 2147483647;
			files = (
			);
			inputPaths = (
				"${SRCROOT}/Pods/Target Support Files/Pods-mapaMobilidade/Pods-mapaMobilidade-resources.sh",
				"${PODS_ROOT}/GoogleMaps/Maps/Frameworks/GoogleMaps.framework/Resources/GoogleMaps.bundle",
				"${PODS_ROOT}/GooglePlaces/Frameworks/GooglePlaces.framework/Resources/GooglePlaces.bundle",
			);
			name = "[CP] Copy Pods Resources";
			outputPaths = (
				"${TARGET_BUILD_DIR}/${UNLOCALIZED_RESOURCES_FOLDER_PATH}/GoogleMaps.bundle",
				"${TARGET_BUILD_DIR}/${UNLOCALIZED_RESOURCES_FOLDER_PATH}/GooglePlaces.bundle",
			);
			runOnlyForDeploymentPostprocessing = 0;
			shellPath = /bin/sh;
			shellScript = "\"${SRCROOT}/Pods/Target Support Files/Pods-mapaMobilidade/Pods-mapaMobilidade-resources.sh\"\n";
			showEnvVarsInLog = 0;
		};
		A6A8E1F68E24FC6C9BD0E5DA /* [CP] Embed Pods Frameworks */ = {
			isa = PBXShellScriptBuildPhase;
			buildActionMask = 2147483647;
			files = (
			);
			inputPaths = (
				"${SRCROOT}/Pods/Target Support Files/Pods-mapaMobilidade/Pods-mapaMobilidade-frameworks.sh",
				"${BUILT_PRODUCTS_DIR}/Alamofire/Alamofire.framework",
				"${BUILT_PRODUCTS_DIR}/RxCocoa/RxCocoa.framework",
				"${BUILT_PRODUCTS_DIR}/RxSwift/RxSwift.framework",
				"${BUILT_PRODUCTS_DIR}/SwiftyJSON/SwiftyJSON.framework",
			);
			name = "[CP] Embed Pods Frameworks";
			outputPaths = (
				"${TARGET_BUILD_DIR}/${FRAMEWORKS_FOLDER_PATH}/Alamofire.framework",
				"${TARGET_BUILD_DIR}/${FRAMEWORKS_FOLDER_PATH}/RxCocoa.framework",
				"${TARGET_BUILD_DIR}/${FRAMEWORKS_FOLDER_PATH}/RxSwift.framework",
				"${TARGET_BUILD_DIR}/${FRAMEWORKS_FOLDER_PATH}/SwiftyJSON.framework",
			);
			runOnlyForDeploymentPostprocessing = 0;
			shellPath = /bin/sh;
			shellScript = "\"${SRCROOT}/Pods/Target Support Files/Pods-mapaMobilidade/Pods-mapaMobilidade-frameworks.sh\"\n";
			showEnvVarsInLog = 0;
		};
		B7B20DE3394E1FE6FC576EC5 /* [CP] Check Pods Manifest.lock */ = {
			isa = PBXShellScriptBuildPhase;
			buildActionMask = 2147483647;
			files = (
			);
			inputPaths = (
				"${PODS_PODFILE_DIR_PATH}/Podfile.lock",
				"${PODS_ROOT}/Manifest.lock",
			);
			name = "[CP] Check Pods Manifest.lock";
			outputPaths = (
				"$(DERIVED_FILE_DIR)/Pods-mapaMobilidade-checkManifestLockResult.txt",
			);
			runOnlyForDeploymentPostprocessing = 0;
			shellPath = /bin/sh;
			shellScript = "diff \"${PODS_PODFILE_DIR_PATH}/Podfile.lock\" \"${PODS_ROOT}/Manifest.lock\" > /dev/null\nif [ $? != 0 ] ; then\n    # print error to STDERR\n    echo \"error: The sandbox is not in sync with the Podfile.lock. Run 'pod install' or update your CocoaPods installation.\" >&2\n    exit 1\nfi\n# This output is used by Xcode 'outputs' to avoid re-running this script phase.\necho \"SUCCESS\" > \"${SCRIPT_OUTPUT_FILE_0}\"\n";
			showEnvVarsInLog = 0;
		};
/* End PBXShellScriptBuildPhase section */

/* Begin PBXSourcesBuildPhase section */
		F29CAA0F217606FA00EC6BD5 /* Sources */ = {
			isa = PBXSourcesBuildPhase;
			buildActionMask = 2147483647;
			files = (
				F29CAA2A217607F600EC6BD5 /* CLLocationManager+Rx.swift in Sources */,
				F29CAA3021760B7000EC6BD5 /* MapaViewController.swift in Sources */,
				F2EE847A217799CB009AB8A8 /* EstacoesGroundOverlays.swift in Sources */,
				F2EE847421777BC2009AB8A8 /* EstacoesJSON.swift in Sources */,
				F2EE845421762A8E009AB8A8 /* Repository.swift in Sources */,
				F29CAA2C2176083100EC6BD5 /* RxCLLocationDelegateProxy.swift in Sources */,
				F2EE847621778482009AB8A8 /* MarkerEstacoes.swift in Sources */,
				F2EE845B217659B6009AB8A8 /* PathCoordenadas.swift in Sources */,
				F2EE845621764CF6009AB8A8 /* LinhasJSON.swift in Sources */,
				F29CAA2E2176086500EC6BD5 /* GeoLocationService.swift in Sources */,
				79D164CC21821C010092E549 /* Alerta.swift in Sources */,
				F2F7481D2180D87A007A4133 /* Alamofire.swift in Sources */,
				F29CAA19217606FA00EC6BD5 /* ViewController.swift in Sources */,
				F2EE846D21768127009AB8A8 /* JSONDeuMerda.swift in Sources */,
				F2EE846021766CEC009AB8A8 /* StyleMap.swift in Sources */,
				F29CAA17217606FA00EC6BD5 /* AppDelegate.swift in Sources */,
				F239E78A217A3E4E009E8C95 /* LinhaJSON.swift in Sources */,
				79CBA65A2187711A004C31BE /* APIResponse.swift in Sources */,
			);
			runOnlyForDeploymentPostprocessing = 0;
		};
/* End PBXSourcesBuildPhase section */

/* Begin PBXVariantGroup section */
		F29CAA1A217606FA00EC6BD5 /* Main.storyboard */ = {
			isa = PBXVariantGroup;
			children = (
				F29CAA1B217606FA00EC6BD5 /* Base */,
			);
			name = Main.storyboard;
			sourceTree = "<group>";
		};
		F29CAA1F2176070800EC6BD5 /* LaunchScreen.storyboard */ = {
			isa = PBXVariantGroup;
			children = (
				F29CAA202176070800EC6BD5 /* Base */,
			);
			name = LaunchScreen.storyboard;
			sourceTree = "<group>";
		};
/* End PBXVariantGroup section */

/* Begin XCBuildConfiguration section */
		F29CAA232176070800EC6BD5 /* Debug */ = {
			isa = XCBuildConfiguration;
			buildSettings = {
				ALWAYS_SEARCH_USER_PATHS = NO;
				CLANG_ANALYZER_NONNULL = YES;
				CLANG_ANALYZER_NUMBER_OBJECT_CONVERSION = YES_AGGRESSIVE;
				CLANG_CXX_LANGUAGE_STANDARD = "gnu++14";
				CLANG_CXX_LIBRARY = "libc++";
				CLANG_ENABLE_MODULES = YES;
				CLANG_ENABLE_OBJC_ARC = YES;
				CLANG_ENABLE_OBJC_WEAK = YES;
				CLANG_WARN_BLOCK_CAPTURE_AUTORELEASING = YES;
				CLANG_WARN_BOOL_CONVERSION = YES;
				CLANG_WARN_COMMA = YES;
				CLANG_WARN_CONSTANT_CONVERSION = YES;
				CLANG_WARN_DEPRECATED_OBJC_IMPLEMENTATIONS = YES;
				CLANG_WARN_DIRECT_OBJC_ISA_USAGE = YES_ERROR;
				CLANG_WARN_DOCUMENTATION_COMMENTS = YES;
				CLANG_WARN_EMPTY_BODY = YES;
				CLANG_WARN_ENUM_CONVERSION = YES;
				CLANG_WARN_INFINITE_RECURSION = YES;
				CLANG_WARN_INT_CONVERSION = YES;
				CLANG_WARN_NON_LITERAL_NULL_CONVERSION = YES;
				CLANG_WARN_OBJC_IMPLICIT_RETAIN_SELF = YES;
				CLANG_WARN_OBJC_LITERAL_CONVERSION = YES;
				CLANG_WARN_OBJC_ROOT_CLASS = YES_ERROR;
				CLANG_WARN_RANGE_LOOP_ANALYSIS = YES;
				CLANG_WARN_STRICT_PROTOTYPES = YES;
				CLANG_WARN_SUSPICIOUS_MOVE = YES;
				CLANG_WARN_UNGUARDED_AVAILABILITY = YES_AGGRESSIVE;
				CLANG_WARN_UNREACHABLE_CODE = YES;
				CLANG_WARN__DUPLICATE_METHOD_MATCH = YES;
				CODE_SIGN_IDENTITY = "iPhone Developer";
				COPY_PHASE_STRIP = NO;
				DEBUG_INFORMATION_FORMAT = dwarf;
				ENABLE_STRICT_OBJC_MSGSEND = YES;
				ENABLE_TESTABILITY = YES;
				GCC_C_LANGUAGE_STANDARD = gnu11;
				GCC_DYNAMIC_NO_PIC = NO;
				GCC_NO_COMMON_BLOCKS = YES;
				GCC_OPTIMIZATION_LEVEL = 0;
				GCC_PREPROCESSOR_DEFINITIONS = (
					"DEBUG=1",
					"$(inherited)",
				);
				GCC_WARN_64_TO_32_BIT_CONVERSION = YES;
				GCC_WARN_ABOUT_RETURN_TYPE = YES_ERROR;
				GCC_WARN_UNDECLARED_SELECTOR = YES;
				GCC_WARN_UNINITIALIZED_AUTOS = YES_AGGRESSIVE;
				GCC_WARN_UNUSED_FUNCTION = YES;
				GCC_WARN_UNUSED_VARIABLE = YES;
				IPHONEOS_DEPLOYMENT_TARGET = 12.0;
				MTL_ENABLE_DEBUG_INFO = INCLUDE_SOURCE;
				MTL_FAST_MATH = YES;
				ONLY_ACTIVE_ARCH = YES;
				SDKROOT = iphoneos;
				SWIFT_ACTIVE_COMPILATION_CONDITIONS = DEBUG;
				SWIFT_OPTIMIZATION_LEVEL = "-Onone";
			};
			name = Debug;
		};
		F29CAA242176070800EC6BD5 /* Release */ = {
			isa = XCBuildConfiguration;
			buildSettings = {
				ALWAYS_SEARCH_USER_PATHS = NO;
				CLANG_ANALYZER_NONNULL = YES;
				CLANG_ANALYZER_NUMBER_OBJECT_CONVERSION = YES_AGGRESSIVE;
				CLANG_CXX_LANGUAGE_STANDARD = "gnu++14";
				CLANG_CXX_LIBRARY = "libc++";
				CLANG_ENABLE_MODULES = YES;
				CLANG_ENABLE_OBJC_ARC = YES;
				CLANG_ENABLE_OBJC_WEAK = YES;
				CLANG_WARN_BLOCK_CAPTURE_AUTORELEASING = YES;
				CLANG_WARN_BOOL_CONVERSION = YES;
				CLANG_WARN_COMMA = YES;
				CLANG_WARN_CONSTANT_CONVERSION = YES;
				CLANG_WARN_DEPRECATED_OBJC_IMPLEMENTATIONS = YES;
				CLANG_WARN_DIRECT_OBJC_ISA_USAGE = YES_ERROR;
				CLANG_WARN_DOCUMENTATION_COMMENTS = YES;
				CLANG_WARN_EMPTY_BODY = YES;
				CLANG_WARN_ENUM_CONVERSION = YES;
				CLANG_WARN_INFINITE_RECURSION = YES;
				CLANG_WARN_INT_CONVERSION = YES;
				CLANG_WARN_NON_LITERAL_NULL_CONVERSION = YES;
				CLANG_WARN_OBJC_IMPLICIT_RETAIN_SELF = YES;
				CLANG_WARN_OBJC_LITERAL_CONVERSION = YES;
				CLANG_WARN_OBJC_ROOT_CLASS = YES_ERROR;
				CLANG_WARN_RANGE_LOOP_ANALYSIS = YES;
				CLANG_WARN_STRICT_PROTOTYPES = YES;
				CLANG_WARN_SUSPICIOUS_MOVE = YES;
				CLANG_WARN_UNGUARDED_AVAILABILITY = YES_AGGRESSIVE;
				CLANG_WARN_UNREACHABLE_CODE = YES;
				CLANG_WARN__DUPLICATE_METHOD_MATCH = YES;
				CODE_SIGN_IDENTITY = "iPhone Developer";
				COPY_PHASE_STRIP = NO;
				DEBUG_INFORMATION_FORMAT = "dwarf-with-dsym";
				ENABLE_NS_ASSERTIONS = NO;
				ENABLE_STRICT_OBJC_MSGSEND = YES;
				GCC_C_LANGUAGE_STANDARD = gnu11;
				GCC_NO_COMMON_BLOCKS = YES;
				GCC_WARN_64_TO_32_BIT_CONVERSION = YES;
				GCC_WARN_ABOUT_RETURN_TYPE = YES_ERROR;
				GCC_WARN_UNDECLARED_SELECTOR = YES;
				GCC_WARN_UNINITIALIZED_AUTOS = YES_AGGRESSIVE;
				GCC_WARN_UNUSED_FUNCTION = YES;
				GCC_WARN_UNUSED_VARIABLE = YES;
				IPHONEOS_DEPLOYMENT_TARGET = 12.0;
				MTL_ENABLE_DEBUG_INFO = NO;
				MTL_FAST_MATH = YES;
				SDKROOT = iphoneos;
				SWIFT_COMPILATION_MODE = wholemodule;
				SWIFT_OPTIMIZATION_LEVEL = "-O";
				VALIDATE_PRODUCT = YES;
			};
			name = Release;
		};
		F29CAA262176070800EC6BD5 /* Debug */ = {
			isa = XCBuildConfiguration;
			baseConfigurationReference = 0BB41404A4D9E682D2CD0C15 /* Pods-mapaMobilidade.debug.xcconfig */;
			buildSettings = {
				ASSETCATALOG_COMPILER_APPICON_NAME = AppIcon;
				CODE_SIGN_STYLE = Automatic;
				DEVELOPMENT_TEAM = 7Z9K2S6NTF;
				INFOPLIST_FILE = mapaMobilidade/Info.plist;
				IPHONEOS_DEPLOYMENT_TARGET = 10.0;
				LD_RUNPATH_SEARCH_PATHS = (
					"$(inherited)",
					"@executable_path/Frameworks",
				);
				PRODUCT_BUNDLE_IDENTIFIER = sousa.mapaMobilidade;
				PRODUCT_NAME = "$(TARGET_NAME)";
				SWIFT_VERSION = 4.0;
				TARGETED_DEVICE_FAMILY = "1,2";
			};
			name = Debug;
		};
		F29CAA272176070800EC6BD5 /* Release */ = {
			isa = XCBuildConfiguration;
			baseConfigurationReference = 97B6E78BB3690487CD8C34E6 /* Pods-mapaMobilidade.release.xcconfig */;
			buildSettings = {
				ASSETCATALOG_COMPILER_APPICON_NAME = AppIcon;
				CODE_SIGN_STYLE = Automatic;
				DEVELOPMENT_TEAM = 7Z9K2S6NTF;
				INFOPLIST_FILE = mapaMobilidade/Info.plist;
				IPHONEOS_DEPLOYMENT_TARGET = 10.0;
				LD_RUNPATH_SEARCH_PATHS = (
					"$(inherited)",
					"@executable_path/Frameworks",
				);
				PRODUCT_BUNDLE_IDENTIFIER = sousa.mapaMobilidade;
				PRODUCT_NAME = "$(TARGET_NAME)";
				SWIFT_VERSION = 4.0;
				TARGETED_DEVICE_FAMILY = "1,2";
			};
			name = Release;
		};
/* End XCBuildConfiguration section */

/* Begin XCConfigurationList section */
		F29CAA0E217606FA00EC6BD5 /* Build configuration list for PBXProject "mapaMobilidade" */ = {
			isa = XCConfigurationList;
			buildConfigurations = (
				F29CAA232176070800EC6BD5 /* Debug */,
				F29CAA242176070800EC6BD5 /* Release */,
			);
			defaultConfigurationIsVisible = 0;
			defaultConfigurationName = Release;
		};
		F29CAA252176070800EC6BD5 /* Build configuration list for PBXNativeTarget "mapaMobilidade" */ = {
			isa = XCConfigurationList;
			buildConfigurations = (
				F29CAA262176070800EC6BD5 /* Debug */,
				F29CAA272176070800EC6BD5 /* Release */,
			);
			defaultConfigurationIsVisible = 0;
			defaultConfigurationName = Release;
		};
/* End XCConfigurationList section */
	};
	rootObject = F29CAA0B217606FA00EC6BD5 /* Project object */;
}
